<?xml version="1.0" encoding="utf-8"?>
<Project ToolsVersion="4.0" xmlns="http://schemas.microsoft.com/developer/msbuild/2003">
  <ItemGroup>
    <ClCompile Include="entry\cpp\entry.cpp" />
    <ClCompile Include="context\cpp\context.cpp" />
    <ClCompile Include="math\cpp\math.cpp" />
    <ClCompile Include="thirdparty\imgui\imgui.cpp" />
    <ClCompile Include="thirdparty\imgui\imgui_draw.cpp" />
    <ClCompile Include="thirdparty\imgui\imgui_freetype.cpp" />
    <ClCompile Include="thirdparty\imgui\imgui_impl_dx9.cpp" />
    <ClCompile Include="thirdparty\imgui\imgui_impl_win32.cpp" />
    <ClCompile Include="thirdparty\imgui\imgui_tables.cpp" />
    <ClCompile Include="thirdparty\imgui\imgui_widgets.cpp" />
    <ClCompile Include="framework\warper\cpp\warper.cpp" />
    <ClCompile Include="framework\fonts\cpp\fonts.cpp" />
    <ClCompile Include="framework\objects\obj\cpp\obj.cpp" />
    <ClCompile Include="framework\panel\cpp\panel.cpp" />
    <ClCompile Include="framework\objects\window\cpp\window.cpp" />
    <ClCompile Include="framework\menu\cpp\menu.cpp" />
    <ClCompile Include="framework\input\cpp\input.cpp" />
    <ClCompile Include="framework\objects\tab\cpp\tab.cpp" />
    <ClCompile Include="framework\objects\group\cpp\group.cpp" />
    <ClCompile Include="framework\objects\checkbox\cpp\check.cpp" />
  </ItemGroup>
  <ItemGroup>
    <ClInclude Include="entry\entry.hpp" />
    <ClInclude Include="includes.hpp" />
    <ClInclude Include="context\context.hpp" />
    <ClInclude Include="math\math.hpp" />
    <ClInclude Include="thirdparty\imgui\imconfig.h" />
    <ClInclude Include="thirdparty\imgui\imgui.h" />
    <ClInclude Include="thirdparty\imgui\imgui_freetype.h" />
    <ClInclude Include="thirdparty\imgui\imgui_impl_dx9.h" />
    <ClInclude Include="thirdparty\imgui\imgui_impl_win32.h" />
    <ClInclude Include="thirdparty\imgui\imgui_internal.h" />
    <ClInclude Include="thirdparty\imgui\imstb_rectpack.h" />
    <ClInclude Include="thirdparty\imgui\imstb_textedit.h" />
    <ClInclude Include="thirdparty\imgui\imstb_truetype.h" />
    <ClInclude Include="framework\dui_includes.hpp" />
    <ClInclude Include="framework\warper\warper.hpp" />
    <ClInclude Include="framework\fonts\fonts.hpp" />
    <ClInclude Include="framework\theme\theme.hpp" />
    <ClInclude Include="framework\objects\obj\obj.hpp" />
    <ClInclude Include="framework\panel\panel.hpp" />
    <ClInclude Include="framework\objects\window\window.hpp" />
    <ClInclude Include="framework\menu\menu.hpp" />
    <ClInclude Include="framework\input\input.hpp" />
    <ClInclude Include="framework\objects\tab\tab.hpp" />
    <ClInclude Include="framework\objects\group\group.hpp" />
    <ClInclude Include="framework\objects\checkbox\check.hpp" />
  </ItemGroup>
</Project>