<?xml version="1.0" encoding="utf-8"?>
<Project ToolsVersion="4.0" xmlns="http://schemas.microsoft.com/developer/msbuild/2003">
  <ItemGroup>
    <ClCompile Include="entry\impl\entry.cpp" />
    <ClCompile Include="context\impl\context.cpp" />
    <ClCompile Include="math\impl\math.cpp" />
    <ClCompile Include="thirdparty\imgui\imgui.cpp" />
    <ClCompile Include="thirdparty\imgui\imgui_draw.cpp" />
    <ClCompile Include="thirdparty\imgui\imgui_freetype.cpp" />
    <ClCompile Include="thirdparty\imgui\imgui_impl_dx9.cpp" />
    <ClCompile Include="thirdparty\imgui\imgui_impl_win32.cpp" />
    <ClCompile Include="thirdparty\imgui\imgui_tables.cpp" />
    <ClCompile Include="thirdparty\imgui\imgui_widgets.cpp" />
  </ItemGroup>
  <ItemGroup>
    <ClInclude Include="entry\entry.hpp" />
    <ClInclude Include="includes.hpp" />
    <ClInclude Include="context\context.hpp" />
    <ClInclude Include="math\math.hpp" />
    <ClInclude Include="thirdparty\imgui\imconfig.h" />
    <ClInclude Include="thirdparty\imgui\imgui.h" />
    <ClInclude Include="thirdparty\imgui\imgui_freetype.h" />
    <ClInclude Include="thirdparty\imgui\imgui_impl_dx9.h" />
    <ClInclude Include="thirdparty\imgui\imgui_impl_win32.h" />
    <ClInclude Include="thirdparty\imgui\imgui_internal.h" />
    <ClInclude Include="thirdparty\imgui\imstb_rectpack.h" />
    <ClInclude Include="thirdparty\imgui\imstb_textedit.h" />
    <ClInclude Include="thirdparty\imgui\imstb_truetype.h" />
  </ItemGroup>
</Project>